{
  "name": "nhanhieu-parse-clipping-to-json",
  "version": "1.0.0",
  "lockfileVersion": 1,
  "requires": true,
  "dependencies": {
    "date-and-time": {
      "version": "2.4.1",
      "resolved": "https://registry.npmjs.org/date-and-time/-/date-and-time-2.4.1.tgz",
      "integrity": "sha512-fG+ClATev+wHryqxOoGcTTegr5RhYE+tz/XHUkTQ/zvpWqQ90oOxjOhuMQ02bw87Oy9N3qBENCHHHSKdWJjgTg=="
    },
    "dateformat": {
      "version": "5.0.3",
      "resolved": "https://registry.npmjs.org/dateformat/-/dateformat-5.0.3.tgz",
      "integrity": "sha512-Kvr6HmPXUMerlLcLF+Pwq3K7apHpYmGDVqrxcDasBg86UcKeTSNWbEzU8bwdXnxnR44FtMhJAxI4Bov6Y/KUfA=="
    }
  }
}
